
Microsoft Visual Studio Solution File, Format Version 12.00
# Visual Studio Version 16
VisualStudioVersion = 16.0.29920.165
MinimumVisualStudioVersion = 10.0.40219.1
Project("{FAE04EC0-301F-11D3-BF4B-00C04F79EFBC}") = "Employee Search Application", "Employee Search Application\Employee Search Application.csproj", "{57CB020E-B427-40F6-9051-4EAE5445936F}"
EndProject
Global
	GlobalSection(SolutionConfigurationPlatforms) = preSolution
		Debug|Any CPU = Debug|Any CPU
		Release|Any CPU = Release|Any CPU
	EndGlobalSection
	GlobalSection(ProjectConfigurationPlatforms) = postSolution
		{57CB020E-B427-40F6-9051-4EAE5445936F}.Debug|Any CPU.ActiveCfg = Debug|Any CPU
		{57CB020E-B427-40F6-9051-4EAE5445936F}.Debug|Any CPU.Build.0 = Debug|Any CPU
		{57CB020E-B427-40F6-9051-4EAE5445936F}.Release|Any CPU.ActiveCfg = Release|Any CPU
		{57CB020E-B427-40F6-9051-4EAE5445936F}.Release|Any CPU.Build.0 = Release|Any CPU
	EndGlobalSection
	GlobalSection(SolutionProperties) = preSolution
		HideSolutionNode = FALSE
	EndGlobalSection
	GlobalSection(ExtensibilityGlobals) = postSolution
		SolutionGuid = {618EA0C4-C4F1-4662-A0E2-641D5641C01B}
	EndGlobalSection
EndGlobal
